
Microsoft Visual Studio Solution File, Format Version 12.00
# Visual Studio Version 17
VisualStudioVersion = 17.10.34916.146
MinimumVisualStudioVersion = 10.0.40219.1
Project("{FAE04EC0-301F-11D3-BF4B-00C04F79EFBC}") = "FirstDemoAppMAUI", "FirstDemoAppMAUI\FirstDemoAppMAUI.csproj", "{2BE2056D-8598-44B8-B7C3-41E779A57249}"
EndProject
Global
	GlobalSection(SolutionConfigurationPlatforms) = preSolution
		Debug|Any CPU = Debug|Any CPU
		Release|Any CPU = Release|Any CPU
	EndGlobalSection
	GlobalSection(ProjectConfigurationPlatforms) = postSolution
		{2BE2056D-8598-44B8-B7C3-41E779A57249}.Debug|Any CPU.ActiveCfg = Debug|Any CPU
		{2BE2056D-8598-44B8-B7C3-41E779A57249}.Debug|Any CPU.Build.0 = Debug|Any CPU
		{2BE2056D-8598-44B8-B7C3-41E779A57249}.Debug|Any CPU.Deploy.0 = Debug|Any CPU
		{2BE2056D-8598-44B8-B7C3-41E779A57249}.Release|Any CPU.ActiveCfg = Release|Any CPU
		{2BE2056D-8598-44B8-B7C3-41E779A57249}.Release|Any CPU.Build.0 = Release|Any CPU
		{2BE2056D-8598-44B8-B7C3-41E779A57249}.Release|Any CPU.Deploy.0 = Release|Any CPU
	EndGlobalSection
	GlobalSection(SolutionProperties) = preSolution
		HideSolutionNode = FALSE
	EndGlobalSection
	GlobalSection(ExtensibilityGlobals) = postSolution
		SolutionGuid = {81030024-FF89-4CDD-96A2-0FC7127156C8}
	EndGlobalSection
EndGlobal
